// !$*UTF8*$!
{
	archiveVersion = 1;
	classes = {
	};
	objectVersion = 46;
	objects = {

/* Begin PBXBuildFile section */
		093D39651F09379A004E0772 /* AppDelegate.swift in Sources */ = {isa = PBXBuildFile; fileRef = 093D39641F09379A004E0772 /* AppDelegate.swift */; };
		093D39671F09379A004E0772 /* ViewController.swift in Sources */ = {isa = PBXBuildFile; fileRef = 093D39661F09379A004E0772 /* ViewController.swift */; };
		093D396A1F09379A004E0772 /* Main.storyboard in Resources */ = {isa = PBXBuildFile; fileRef = 093D39681F09379A004E0772 /* Main.storyboard */; };
		093D396C1F09379A004E0772 /* Assets.xcassets in Resources */ = {isa = PBXBuildFile; fileRef = 093D396B1F09379A004E0772 /* Assets.xcassets */; };
		093D396F1F09379A004E0772 /* LaunchScreen.storyboard in Resources */ = {isa = PBXBuildFile; fileRef = 093D396D1F09379A004E0772 /* LaunchScreen.storyboard */; };
		093D397A1F09379A004E0772 /* RaspiCatCamTests.swift in Sources */ = {isa = PBXBuildFile; fileRef = 093D39791F09379A004E0772 /* RaspiCatCamTests.swift */; };
/* End PBXBuildFile section */

/* Begin PBXContainerItemProxy section */
		093D39761F09379A004E0772 /* PBXContainerItemProxy */ = {
			isa = PBXContainerItemProxy;
			containerPortal = 093D39591F093799004E0772 /* Project object */;
			proxyType = 1;
			remoteGlobalIDString = 093D39601F093799004E0772;
			remoteInfo = RaspiCatCam;
		};
/* End PBXContainerItemProxy section */

/* Begin PBXFileReference section */
		093D39611F09379A004E0772 /* RaspiCatCam.app */ = {isa = PBXFileReference; explicitFileType = wrapper.application; includeInIndex = 0; path = RaspiCatCam.app; sourceTree = BUILT_PRODUCTS_DIR; };
		093D39641F09379A004E0772 /* AppDelegate.swift */ = {isa = PBXFileReference; lastKnownFileType = sourcecode.swift; path = AppDelegate.swift; sourceTree = "<group>"; };
		093D39661F09379A004E0772 /* ViewController.swift */ = {isa = PBXFileReference; lastKnownFileType = sourcecode.swift; path = ViewController.swift; sourceTree = "<group>"; };
		093D39691F09379A004E0772 /* Base */ = {isa = PBXFileReference; lastKnownFileType = file.storyboard; name = Base; path = Base.lproj/Main.storyboard; sourceTree = "<group>"; };
		093D396B1F09379A004E0772 /* Assets.xcassets */ = {isa = PBXFileReference; lastKnownFileType = folder.assetcatalog; path = Assets.xcassets; sourceTree = "<group>"; };
		093D396E1F09379A004E0772 /* Base */ = {isa = PBXFileReference; lastKnownFileType = file.storyboard; name = Base; path = Base.lproj/LaunchScreen.storyboard; sourceTree = "<group>"; };
		093D39701F09379A004E0772 /* Info.plist */ = {isa = PBXFileReference; lastKnownFileType = text.plist.xml; path = Info.plist; sourceTree = "<group>"; };
		093D39751F09379A004E0772 /* RaspiCatCamTests.xctest */ = {isa = PBXFileReference; explicitFileType = wrapper.cfbundle; includeInIndex = 0; path = RaspiCatCamTests.xctest; sourceTree = BUILT_PRODUCTS_DIR; };
		093D39791F09379A004E0772 /* RaspiCatCamTests.swift */ = {isa = PBXFileReference; lastKnownFileType = sourcecode.swift; path = RaspiCatCamTests.swift; sourceTree = "<group>"; };
		093D397B1F09379A004E0772 /* Info.plist */ = {isa = PBXFileReference; lastKnownFileType = text.plist.xml; path = Info.plist; sourceTree = "<group>"; };
/* End PBXFileReference section */

/* Begin PBXFrameworksBuildPhase section */
		093D395E1F093799004E0772 /* Frameworks */ = {
			isa = PBXFrameworksBuildPhase;
			buildActionMask = 2147483647;
			files = (
			);
			runOnlyForDeploymentPostprocessing = 0;
		};
		093D39721F09379A004E0772 /* Frameworks */ = {
			isa = PBXFrameworksBuildPhase;
			buildActionMask = 2147483647;
			files = (
			);
			runOnlyForDeploymentPostprocessing = 0;
		};
/* End PBXFrameworksBuildPhase section */

/* Begin PBXGroup section */
		093D39581F093799004E0772 = {
			isa = PBXGroup;
			children = (
				093D39631F09379A004E0772 /* RaspiCatCam */,
				093D39781F09379A004E0772 /* RaspiCatCamTests */,
				093D39621F09379A004E0772 /* Products */,
			);
			sourceTree = "<group>";
		};
		093D39621F09379A004E0772 /* Products */ = {
			isa = PBXGroup;
			children = (
				093D39611F09379A004E0772 /* RaspiCatCam.app */,
				093D39751F09379A004E0772 /* RaspiCatCamTests.xctest */,
			);
			name = Products;
			sourceTree = "<group>";
		};
		093D39631F09379A004E0772 /* RaspiCatCam */ = {
			isa = PBXGroup;
			children = (
				093D39641F09379A004E0772 /* AppDelegate.swift */,
				093D39661F09379A004E0772 /* ViewController.swift */,
				093D39681F09379A004E0772 /* Main.storyboard */,
				093D396B1F09379A004E0772 /* Assets.xcassets */,
				093D396D1F09379A004E0772 /* LaunchScreen.storyboard */,
				093D39701F09379A004E0772 /* Info.plist */,
			);
			path = RaspiCatCam;
			sourceTree = "<group>";
		};
		093D39781F09379A004E0772 /* RaspiCatCamTests */ = {
			isa = PBXGroup;
			children = (
				093D39791F09379A004E0772 /* RaspiCatCamTests.swift */,
				093D397B1F09379A004E0772 /* Info.plist */,
			);
			path = RaspiCatCamTests;
			sourceTree = "<group>";
		};
/* End PBXGroup section */

/* Begin PBXNativeTarget section */
		093D39601F093799004E0772 /* RaspiCatCam */ = {
			isa = PBXNativeTarget;
			buildConfigurationList = 093D397E1F09379A004E0772 /* Build configuration list for PBXNativeTarget "RaspiCatCam" */;
			buildPhases = (
				093D395D1F093799004E0772 /* Sources */,
				093D395E1F093799004E0772 /* Frameworks */,
				093D395F1F093799004E0772 /* Resources */,
			);
			buildRules = (
			);
			dependencies = (
			);
			name = RaspiCatCam;
			productName = RaspiCatCam;
			productReference = 093D39611F09379A004E0772 /* RaspiCatCam.app */;
			productType = "com.apple.product-type.application";
		};
		093D39741F09379A004E0772 /* RaspiCatCamTests */ = {
			isa = PBXNativeTarget;
			buildConfigurationList = 093D39811F09379A004E0772 /* Build configuration list for PBXNativeTarget "RaspiCatCamTests" */;
			buildPhases = (
				093D39711F09379A004E0772 /* Sources */,
				093D39721F09379A004E0772 /* Frameworks */,
				093D39731F09379A004E0772 /* Resources */,
			);
			buildRules = (
			);
			dependencies = (
				093D39771F09379A004E0772 /* PBXTargetDependency */,
			);
			name = RaspiCatCamTests;
			productName = RaspiCatCamTests;
			productReference = 093D39751F09379A004E0772 /* RaspiCatCamTests.xctest */;
			productType = "com.apple.product-type.bundle.unit-test";
		};
/* End PBXNativeTarget section */

/* Begin PBXProject section */
		093D39591F093799004E0772 /* Project object */ = {
			isa = PBXProject;
			attributes = {
				LastSwiftUpdateCheck = 0820;
				LastUpgradeCheck = 0820;
				ORGANIZATIONNAME = RAG;
				TargetAttributes = {
					093D39601F093799004E0772 = {
						CreatedOnToolsVersion = 8.2.1;
						DevelopmentTeam = F3L82K2879;
						ProvisioningStyle = Automatic;
					};
					093D39741F09379A004E0772 = {
						CreatedOnToolsVersion = 8.2.1;
						ProvisioningStyle = Automatic;
						TestTargetID = 093D39601F093799004E0772;
					};
				};
			};
			buildConfigurationList = 093D395C1F093799004E0772 /* Build configuration list for PBXProject "RaspiCatCam" */;
			compatibilityVersion = "Xcode 3.2";
			developmentRegion = English;
			hasScannedForEncodings = 0;
			knownRegions = (
				en,
				Base,
			);
			mainGroup = 093D39581F093799004E0772;
			productRefGroup = 093D39621F09379A004E0772 /* Products */;
			projectDirPath = "";
			projectRoot = "";
			targets = (
				093D39601F093799004E0772 /* RaspiCatCam */,
				093D39741F09379A004E0772 /* RaspiCatCamTests */,
			);
		};
/* End PBXProject section */

/* Begin PBXResourcesBuildPhase section */
		093D395F1F093799004E0772 /* Resources */ = {
			isa = PBXResourcesBuildPhase;
			buildActionMask = 2147483647;
			files = (
				093D396F1F09379A004E0772 /* LaunchScreen.storyboard in Resources */,
				093D396C1F09379A004E0772 /* Assets.xcassets in Resources */,
				093D396A1F09379A004E0772 /* Main.storyboard in Resources */,
			);
			runOnlyForDeploymentPostprocessing = 0;
		};
		093D39731F09379A004E0772 /* Resources */ = {
			isa = PBXResourcesBuildPhase;
			buildActionMask = 2147483647;
			files = (
			);
			runOnlyForDeploymentPostprocessing = 0;
		};
/* End PBXResourcesBuildPhase section */

/* Begin PBXSourcesBuildPhase section */
		093D395D1F093799004E0772 /* Sources */ = {
			isa = PBXSourcesBuildPhase;
			buildActionMask = 2147483647;
			files = (
				093D39671F09379A004E0772 /* ViewController.swift in Sources */,
				093D39651F09379A004E0772 /* AppDelegate.swift in Sources */,
			);
			runOnlyForDeploymentPostprocessing = 0;
		};
		093D39711F09379A004E0772 /* Sources */ = {
			isa = PBXSourcesBuildPhase;
			buildActionMask = 2147483647;
			files = (
				093D397A1F09379A004E0772 /* RaspiCatCamTests.swift in Sources */,
			);
			runOnlyForDeploymentPostprocessing = 0;
		};
/* End PBXSourcesBuildPhase section */

/* Begin PBXTargetDependency section */
		093D39771F09379A004E0772 /* PBXTargetDependency */ = {
			isa = PBXTargetDependency;
			target = 093D39601F093799004E0772 /* RaspiCatCam */;
			targetProxy = 093D39761F09379A004E0772 /* PBXContainerItemProxy */;
		};
/* End PBXTargetDependency section */

/* Begin PBXVariantGroup section */
		093D39681F09379A004E0772 /* Main.storyboard */ = {
			isa = PBXVariantGroup;
			children = (
				093D39691F09379A004E0772 /* Base */,
			);
			name = Main.storyboard;
			sourceTree = "<group>";
		};
		093D396D1F09379A004E0772 /* LaunchScreen.storyboard */ = {
			isa = PBXVariantGroup;
			children = (
				093D396E1F09379A004E0772 /* Base */,
			);
			name = LaunchScreen.storyboard;
			sourceTree = "<group>";
		};
/* End PBXVariantGroup section */

/* Begin XCBuildConfiguration section */
		093D397C1F09379A004E0772 /* Debug */ = {
			isa = XCBuildConfiguration;
			buildSettings = {
				ALWAYS_SEARCH_USER_PATHS = NO;
				CLANG_ANALYZER_NONNULL = YES;
				CLANG_CXX_LANGUAGE_STANDARD = "gnu++0x";
				CLANG_CXX_LIBRARY = "libc++";
				CLANG_ENABLE_MODULES = YES;
				CLANG_ENABLE_OBJC_ARC = YES;
				CLANG_WARN_BOOL_CONVERSION = YES;
				CLANG_WARN_CONSTANT_CONVERSION = YES;
				CLANG_WARN_DIRECT_OBJC_ISA_USAGE = YES_ERROR;
				CLANG_WARN_DOCUMENTATION_COMMENTS = YES;
				CLANG_WARN_EMPTY_BODY = YES;
				CLANG_WARN_ENUM_CONVERSION = YES;
				CLANG_WARN_INFINITE_RECURSION = YES;
				CLANG_WARN_INT_CONVERSION = YES;
				CLANG_WARN_OBJC_ROOT_CLASS = YES_ERROR;
				CLANG_WARN_SUSPICIOUS_MOVE = YES;
				CLANG_WARN_UNREACHABLE_CODE = YES;
				CLANG_WARN__DUPLICATE_METHOD_MATCH = YES;
				"CODE_SIGN_IDENTITY[sdk=iphoneos*]" = "iPhone Developer";
				COPY_PHASE_STRIP = NO;
				DEBUG_INFORMATION_FORMAT = dwarf;
				ENABLE_STRICT_OBJC_MSGSEND = YES;
				ENABLE_TESTABILITY = YES;
				GCC_C_LANGUAGE_STANDARD = gnu99;
				GCC_DYNAMIC_NO_PIC = NO;
				GCC_NO_COMMON_BLOCKS = YES;
				GCC_OPTIMIZATION_LEVEL = 0;
				GCC_PREPROCESSOR_DEFINITIONS = (
					"DEBUG=1",
					"$(inherited)",
				);
				GCC_WARN_64_TO_32_BIT_CONVERSION = YES;
				GCC_WARN_ABOUT_RETURN_TYPE = YES_ERROR;
				GCC_WARN_UNDECLARED_SELECTOR = YES;
				GCC_WARN_UNINITIALIZED_AUTOS = YES_AGGRESSIVE;
				GCC_WARN_UNUSED_FUNCTION = YES;
				GCC_WARN_UNUSED_VARIABLE = YES;
				IPHONEOS_DEPLOYMENT_TARGET = 10.2;
				MTL_ENABLE_DEBUG_INFO = YES;
				ONLY_ACTIVE_ARCH = YES;
				SDKROOT = iphoneos;
				SWIFT_ACTIVE_COMPILATION_CONDITIONS = DEBUG;
				SWIFT_OPTIMIZATION_LEVEL = "-Onone";
				TARGETED_DEVICE_FAMILY = "1,2";
			};
			name = Debug;
		};
		093D397D1F09379A004E0772 /* Release */ = {
			isa = XCBuildConfiguration;
			buildSettings = {
				ALWAYS_SEARCH_USER_PATHS = NO;
				CLANG_ANALYZER_NONNULL = YES;
				CLANG_CXX_LANGUAGE_STANDARD = "gnu++0x";
				CLANG_CXX_LIBRARY = "libc++";
				CLANG_ENABLE_MODULES = YES;
				CLANG_ENABLE_OBJC_ARC = YES;
				CLANG_WARN_BOOL_CONVERSION = YES;
				CLANG_WARN_CONSTANT_CONVERSION = YES;
				CLANG_WARN_DIRECT_OBJC_ISA_USAGE = YES_ERROR;
				CLANG_WARN_DOCUMENTATION_COMMENTS = YES;
				CLANG_WARN_EMPTY_BODY = YES;
				CLANG_WARN_ENUM_CONVERSION = YES;
				CLANG_WARN_INFINITE_RECURSION = YES;
				CLANG_WARN_INT_CONVERSION = YES;
				CLANG_WARN_OBJC_ROOT_CLASS = YES_ERROR;
				CLANG_WARN_SUSPICIOUS_MOVE = YES;
				CLANG_WARN_UNREACHABLE_CODE = YES;
				CLANG_WARN__DUPLICATE_METHOD_MATCH = YES;
				"CODE_SIGN_IDENTITY[sdk=iphoneos*]" = "iPhone Developer";
				COPY_PHASE_STRIP = NO;
				DEBUG_INFORMATION_FORMAT = "dwarf-with-dsym";
				ENABLE_NS_ASSERTIONS = NO;
				ENABLE_STRICT_OBJC_MSGSEND = YES;
				GCC_C_LANGUAGE_STANDARD = gnu99;
				GCC_NO_COMMON_BLOCKS = YES;
				GCC_WARN_64_TO_32_BIT_CONVERSION = YES;
				GCC_WARN_ABOUT_RETURN_TYPE = YES_ERROR;
				GCC_WARN_UNDECLARED_SELECTOR = YES;
				GCC_WARN_UNINITIALIZED_AUTOS = YES_AGGRESSIVE;
				GCC_WARN_UNUSED_FUNCTION = YES;
				GCC_WARN_UNUSED_VARIABLE = YES;
				IPHONEOS_DEPLOYMENT_TARGET = 10.2;
				MTL_ENABLE_DEBUG_INFO = NO;
				SDKROOT = iphoneos;
				SWIFT_OPTIMIZATION_LEVEL = "-Owholemodule";
				TARGETED_DEVICE_FAMILY = "1,2";
				VALIDATE_PRODUCT = YES;
			};
			name = Release;
		};
		093D397F1F09379A004E0772 /* Debug */ = {
			isa = XCBuildConfiguration;
			buildSettings = {
				ASSETCATALOG_COMPILER_APPICON_NAME = AppIcon;
				DEVELOPMENT_TEAM = F3L82K2879;
				INFOPLIST_FILE = RaspiCatCam/Info.plist;
				LD_RUNPATH_SEARCH_PATHS = "$(inherited) @executable_path/Frameworks";
				PRODUCT_BUNDLE_IDENTIFIER = org.grokett.RaspiCatCam;
				PRODUCT_NAME = "$(TARGET_NAME)";
				SWIFT_VERSION = 3.0;
			};
			name = Debug;
		};
		093D39801F09379A004E0772 /* Release */ = {
			isa = XCBuildConfiguration;
			buildSettings = {
				ASSETCATALOG_COMPILER_APPICON_NAME = AppIcon;
				DEVELOPMENT_TEAM = F3L82K2879;
				INFOPLIST_FILE = RaspiCatCam/Info.plist;
				LD_RUNPATH_SEARCH_PATHS = "$(inherited) @executable_path/Frameworks";
				PRODUCT_BUNDLE_IDENTIFIER = org.grokett.RaspiCatCam;
				PRODUCT_NAME = "$(TARGET_NAME)";
				SWIFT_VERSION = 3.0;
			};
			name = Release;
		};
		093D39821F09379A004E0772 /* Debug */ = {
			isa = XCBuildConfiguration;
			buildSettings = {
				ALWAYS_EMBED_SWIFT_STANDARD_LIBRARIES = YES;
				BUNDLE_LOADER = "$(TEST_HOST)";
				INFOPLIST_FILE = RaspiCatCamTests/Info.plist;
				LD_RUNPATH_SEARCH_PATHS = "$(inherited) @executable_path/Frameworks @loader_path/Frameworks";
				PRODUCT_BUNDLE_IDENTIFIER = org.grokett.RaspiCatCamTests;
				PRODUCT_NAME = "$(TARGET_NAME)";
				SWIFT_VERSION = 3.0;
				TEST_HOST = "$(BUILT_PRODUCTS_DIR)/RaspiCatCam.app/RaspiCatCam";
			};
			name = Debug;
		};
		093D39831F09379A004E0772 /* Release */ = {
			isa = XCBuildConfiguration;
			buildSettings = {
				ALWAYS_EMBED_SWIFT_STANDARD_LIBRARIES = YES;
				BUNDLE_LOADER = "$(TEST_HOST)";
				INFOPLIST_FILE = RaspiCatCamTests/Info.plist;
				LD_RUNPATH_SEARCH_PATHS = "$(inherited) @executable_path/Frameworks @loader_path/Frameworks";
				PRODUCT_BUNDLE_IDENTIFIER = org.grokett.RaspiCatCamTests;
				PRODUCT_NAME = "$(TARGET_NAME)";
				SWIFT_VERSION = 3.0;
				TEST_HOST = "$(BUILT_PRODUCTS_DIR)/RaspiCatCam.app/RaspiCatCam";
			};
			name = Release;
		};
/* End XCBuildConfiguration section */

/* Begin XCConfigurationList section */
		093D395C1F093799004E0772 /* Build configuration list for PBXProject "RaspiCatCam" */ = {
			isa = XCConfigurationList;
			buildConfigurations = (
				093D397C1F09379A004E0772 /* Debug */,
				093D397D1F09379A004E0772 /* Release */,
			);
			defaultConfigurationIsVisible = 0;
			defaultConfigurationName = Release;
		};
		093D397E1F09379A004E0772 /* Build configuration list for PBXNativeTarget "RaspiCatCam" */ = {
			isa = XCConfigurationList;
			buildConfigurations = (
				093D397F1F09379A004E0772 /* Debug */,
				093D39801F09379A004E0772 /* Release */,
			);
			defaultConfigurationIsVisible = 0;
		};
		093D39811F09379A004E0772 /* Build configuration list for PBXNativeTarget "RaspiCatCamTests" */ = {
			isa = XCConfigurationList;
			buildConfigurations = (
				093D39821F09379A004E0772 /* Debug */,
				093D39831F09379A004E0772 /* Release */,
			);
			defaultConfigurationIsVisible = 0;
		};
/* End XCConfigurationList section */
	};
	rootObject = 093D39591F093799004E0772 /* Project object */;
}
